
Microsoft Visual Studio Solution File, Format Version 12.00
# Visual Studio 2015
Project("{FAE04EC0-301F-11D3-BF4B-00C04F79EFBC}") = "E_prova1.CSharp", "E_prova1.CSharp.csproj", "{80AC5E74-B69A-C90E-547F-8E4A2A64B8B3}"
EndProject
Global
	GlobalSection(SolutionConfigurationPlatforms) = preSolution
		Debug|Any CPU = Debug|Any CPU
		Release|Any CPU = Release|Any CPU
	EndGlobalSection
	GlobalSection(ProjectConfigurationPlatforms) = postSolution
		{80AC5E74-B69A-C90E-547F-8E4A2A64B8B3}.Debug|Any CPU.ActiveCfg = Debug|Any CPU
		{80AC5E74-B69A-C90E-547F-8E4A2A64B8B3}.Debug|Any CPU.Build.0 = Debug|Any CPU
		{80AC5E74-B69A-C90E-547F-8E4A2A64B8B3}.Release|Any CPU.ActiveCfg = Release|Any CPU
		{80AC5E74-B69A-C90E-547F-8E4A2A64B8B3}.Release|Any CPU.Build.0 = Release|Any CPU
	EndGlobalSection
	GlobalSection(SolutionProperties) = preSolution
		HideSolutionNode = FALSE
	EndGlobalSection
EndGlobal
