
Microsoft Visual Studio Solution File, Format Version 12.00
# Visual Studio 2015
Project("{FAE04EC0-301F-11D3-BF4B-00C04F79EFBC}") = "Energy Link.CSharp", "Energy Link.CSharp.csproj", "{0DD44A0E-D075-50DB-051F-5C86055DE753}"
EndProject
Project("{FAE04EC0-301F-11D3-BF4B-00C04F79EFBC}") = "Energy Link.CSharp.Editor", "Energy Link.CSharp.Editor.csproj", "{6968BEA4-F1F1-F71F-0103-631E9B400F3E}"
EndProject
Global
	GlobalSection(SolutionConfigurationPlatforms) = preSolution
		Debug|Any CPU = Debug|Any CPU
		Release|Any CPU = Release|Any CPU
	EndGlobalSection
	GlobalSection(ProjectConfigurationPlatforms) = postSolution
		{0DD44A0E-D075-50DB-051F-5C86055DE753}.Debug|Any CPU.ActiveCfg = Debug|Any CPU
		{0DD44A0E-D075-50DB-051F-5C86055DE753}.Debug|Any CPU.Build.0 = Debug|Any CPU
		{0DD44A0E-D075-50DB-051F-5C86055DE753}.Release|Any CPU.ActiveCfg = Release|Any CPU
		{0DD44A0E-D075-50DB-051F-5C86055DE753}.Release|Any CPU.Build.0 = Release|Any CPU
		{6968BEA4-F1F1-F71F-0103-631E9B400F3E}.Debug|Any CPU.ActiveCfg = Debug|Any CPU
		{6968BEA4-F1F1-F71F-0103-631E9B400F3E}.Debug|Any CPU.Build.0 = Debug|Any CPU
		{6968BEA4-F1F1-F71F-0103-631E9B400F3E}.Release|Any CPU.ActiveCfg = Release|Any CPU
		{6968BEA4-F1F1-F71F-0103-631E9B400F3E}.Release|Any CPU.Build.0 = Release|Any CPU
	EndGlobalSection
	GlobalSection(SolutionProperties) = preSolution
		HideSolutionNode = FALSE
	EndGlobalSection
EndGlobal
